
Microsoft Visual Studio Solution File, Format Version 12.00
# Visual Studio Version 17
VisualStudioVersion = 17.4.33213.308
MinimumVisualStudioVersion = 10.0.40219.1
Project("{FAE04EC0-301F-11D3-BF4B-00C04F79EFBC}") = "Game Of War", "Game Of War\Game Of War.csproj", "{CE591AEF-1B54-4267-989B-993D46ED3B50}"
EndProject
Global
	GlobalSection(SolutionConfigurationPlatforms) = preSolution
		Debug|Any CPU = Debug|Any CPU
		Release|Any CPU = Release|Any CPU
	EndGlobalSection
	GlobalSection(ProjectConfigurationPlatforms) = postSolution
		{CE591AEF-1B54-4267-989B-993D46ED3B50}.Debug|Any CPU.ActiveCfg = Debug|Any CPU
		{CE591AEF-1B54-4267-989B-993D46ED3B50}.Debug|Any CPU.Build.0 = Debug|Any CPU
		{CE591AEF-1B54-4267-989B-993D46ED3B50}.Release|Any CPU.ActiveCfg = Release|Any CPU
		{CE591AEF-1B54-4267-989B-993D46ED3B50}.Release|Any CPU.Build.0 = Release|Any CPU
	EndGlobalSection
	GlobalSection(SolutionProperties) = preSolution
		HideSolutionNode = FALSE
	EndGlobalSection
	GlobalSection(ExtensibilityGlobals) = postSolution
		SolutionGuid = {6E05E7DA-E55E-4A9D-90D3-99DA76391F66}
	EndGlobalSection
EndGlobal
